
Microsoft Visual Studio Solution File, Format Version 12.00
# Visual Studio Version 17
VisualStudioVersion = 17.11.35312.102
MinimumVisualStudioVersion = 10.0.40219.1
Project("{9A19103F-16F7-4668-BE54-9A1E7A4F7556}") = "UTB.Restaurace", "UTB.Restaurace\UTB.Restaurace.csproj", "{94023DDC-2D1E-43E3-BBEE-9F22CEDC298B}"
EndProject
Project("{9A19103F-16F7-4668-BE54-9A1E7A4F7556}") = "UTB.Restaurace.Infrastructure", "UTB.Restaurace.Infrastructure\UTB.Restaurace.Infrastructure.csproj", "{5A94BDED-5666-43FB-9F65-213938D986AA}"
EndProject
Project("{9A19103F-16F7-4668-BE54-9A1E7A4F7556}") = "UTB.Restaurace.Application", "UTB.Restaurace.Application\UTB.Restaurace.Application.csproj", "{D0B2DB26-4523-4A31-9165-F1FEF5A047FB}"
EndProject
Project("{9A19103F-16F7-4668-BE54-9A1E7A4F7556}") = "UTB.Restaurace.Domain", "UTB.Restaurace.Domain\UTB.Restaurace.Domain.csproj", "{B9459E86-7135-47C8-B364-B2351A128772}"
EndProject
Project("{FAE04EC0-301F-11D3-BF4B-00C04F79EFBC}") = "UTB.Restaurace.Tests", "UTB.Restaurace.Tests\UTB.Restaurace.Tests.csproj", "{184B7214-C52C-4209-84CF-47D136CC4846}"
EndProject
Global
	GlobalSection(SolutionConfigurationPlatforms) = preSolution
		Debug|Any CPU = Debug|Any CPU
		Release|Any CPU = Release|Any CPU
	EndGlobalSection
	GlobalSection(ProjectConfigurationPlatforms) = postSolution
		{94023DDC-2D1E-43E3-BBEE-9F22CEDC298B}.Debug|Any CPU.ActiveCfg = Debug|Any CPU
		{94023DDC-2D1E-43E3-BBEE-9F22CEDC298B}.Debug|Any CPU.Build.0 = Debug|Any CPU
		{94023DDC-2D1E-43E3-BBEE-9F22CEDC298B}.Release|Any CPU.ActiveCfg = Release|Any CPU
		{94023DDC-2D1E-43E3-BBEE-9F22CEDC298B}.Release|Any CPU.Build.0 = Release|Any CPU
		{5A94BDED-5666-43FB-9F65-213938D986AA}.Debug|Any CPU.ActiveCfg = Debug|Any CPU
		{5A94BDED-5666-43FB-9F65-213938D986AA}.Debug|Any CPU.Build.0 = Debug|Any CPU
		{5A94BDED-5666-43FB-9F65-213938D986AA}.Release|Any CPU.ActiveCfg = Release|Any CPU
		{5A94BDED-5666-43FB-9F65-213938D986AA}.Release|Any CPU.Build.0 = Release|Any CPU
		{D0B2DB26-4523-4A31-9165-F1FEF5A047FB}.Debug|Any CPU.ActiveCfg = Debug|Any CPU
		{D0B2DB26-4523-4A31-9165-F1FEF5A047FB}.Debug|Any CPU.Build.0 = Debug|Any CPU
		{D0B2DB26-4523-4A31-9165-F1FEF5A047FB}.Release|Any CPU.ActiveCfg = Release|Any CPU
		{D0B2DB26-4523-4A31-9165-F1FEF5A047FB}.Release|Any CPU.Build.0 = Release|Any CPU
		{B9459E86-7135-47C8-B364-B2351A128772}.Debug|Any CPU.ActiveCfg = Debug|Any CPU
		{B9459E86-7135-47C8-B364-B2351A128772}.Debug|Any CPU.Build.0 = Debug|Any CPU
		{B9459E86-7135-47C8-B364-B2351A128772}.Release|Any CPU.ActiveCfg = Release|Any CPU
		{B9459E86-7135-47C8-B364-B2351A128772}.Release|Any CPU.Build.0 = Release|Any CPU
		{184B7214-C52C-4209-84CF-47D136CC4846}.Debug|Any CPU.ActiveCfg = Debug|Any CPU
		{184B7214-C52C-4209-84CF-47D136CC4846}.Debug|Any CPU.Build.0 = Debug|Any CPU
		{184B7214-C52C-4209-84CF-47D136CC4846}.Release|Any CPU.ActiveCfg = Release|Any CPU
		{184B7214-C52C-4209-84CF-47D136CC4846}.Release|Any CPU.Build.0 = Release|Any CPU
	EndGlobalSection
	GlobalSection(SolutionProperties) = preSolution
		HideSolutionNode = FALSE
	EndGlobalSection
	GlobalSection(ExtensibilityGlobals) = postSolution
		SolutionGuid = {3D742E3A-2575-4CB2-9BFB-DBB3E28E833D}
	EndGlobalSection
EndGlobal
